{
  "name": "my-blockbench-plugins",
  "version": "1.0.0",
  "lockfileVersion": 2,
  "requires": true,
  "packages": {
    "": {
      "name": "my-blockbench-plugins",
      "version": "1.0.0",
      "license": "MIT",
      "devDependencies": {
        "blockbench-types": "^4.3.0"
      }
    },
    "node_modules/@babel/parser": {
      "version": "7.18.13",
      "resolved": "https://registry.npmjs.org/@babel/parser/-/parser-7.18.13.tgz",
      "integrity": "sha512-dgXcIfMuQ0kgzLB2b9tRZs7TTFFaGM2AbtA4fJgUUYukzGH4jwsS7hzQHEGs67jdehpm22vkgKwvbU+aEflgwg==",
      "dev": true,
      "bin": {
        "parser": "bin/babel-parser.js"
      },
      "engines": {
        "node": ">=6.0.0"
      }
    },
    "node_modules/@types/jquery": {
      "version": "3.5.14",
      "resolved": "https://registry.npmjs.org/@types/jquery/-/jquery-3.5.14.tgz",
      "integrity": "sha512-X1gtMRMbziVQkErhTQmSe2jFwwENA/Zr+PprCkF63vFq+Yt5PZ4AlKqgmeNlwgn7dhsXEK888eIW2520EpC+xg==",
      "dev": true,
      "dependencies": {
        "@types/sizzle": "*"
      }
    },
    "node_modules/@types/sizzle": {
      "version": "2.3.3",
      "resolved": "https://registry.npmjs.org/@types/sizzle/-/sizzle-2.3.3.tgz",
      "integrity": "sha512-JYM8x9EGF163bEyhdJBpR2QX1R5naCJHC8ucJylJ3w9/CVBaskdQ8WqBf8MmQrd1kRvp/a4TS8HJ+bxzR7ZJYQ==",
      "dev": true
    },
    "node_modules/@vue/compiler-sfc": {
      "version": "2.7.10",
      "resolved": "https://registry.npmjs.org/@vue/compiler-sfc/-/compiler-sfc-2.7.10.tgz",
      "integrity": "sha512-55Shns6WPxlYsz4WX7q9ZJBL77sKE1ZAYNYStLs6GbhIOMrNtjMvzcob6gu3cGlfpCR4bT7NXgyJ3tly2+Hx8Q==",
      "dev": true,
      "dependencies": {
        "@babel/parser": "^7.18.4",
        "postcss": "^8.4.14",
        "source-map": "^0.6.1"
      }
    },
    "node_modules/blockbench-types": {
      "version": "4.3.0",
      "resolved": "https://registry.npmjs.org/blockbench-types/-/blockbench-types-4.3.0.tgz",
      "integrity": "sha512-8Woi4qrha+y0cLXNfAfEGZ3JoDKdVnyCXH9MvlwqDcA0ZF/VDcKvYaHX5w3oc7IgF6+GZVLnGjqsVgxlniyhsQ==",
      "dev": true,
      "dependencies": {
        "@types/jquery": "^3.5.4",
        "three": "^0.129.0",
        "vue": "^2.6.14",
        "wintersky": "^1.1.0"
      }
    },
    "node_modules/csstype": {
      "version": "3.1.0",
      "resolved": "https://registry.npmjs.org/csstype/-/csstype-3.1.0.tgz",
      "integrity": "sha512-uX1KG+x9h5hIJsaKR9xHUeUraxf8IODOwq9JLNPq6BwB04a/xgpq3rcx47l5BZu5zBPlgD342tdke3Hom/nJRA==",
      "dev": true
    },
    "node_modules/molangjs": {
      "version": "1.5.2",
      "resolved": "https://registry.npmjs.org/molangjs/-/molangjs-1.5.2.tgz",
      "integrity": "sha512-phjt/beVRWPWLaxmic8E2StPffC66BS/PKjPfSLzSZr7QYyn4C0eMRPgYZm2AC/S+0zS3HG8jQNoua7k196/Ow==",
      "dev": true
    },
    "node_modules/nanoid": {
      "version": "3.3.4",
      "resolved": "https://registry.npmjs.org/nanoid/-/nanoid-3.3.4.tgz",
      "integrity": "sha512-MqBkQh/OHTS2egovRtLk45wEyNXwF+cokD+1YPf9u5VfJiRdAiRwB2froX5Co9Rh20xs4siNPm8naNotSD6RBw==",
      "dev": true,
      "bin": {
        "nanoid": "bin/nanoid.cjs"
      },
      "engines": {
        "node": "^10 || ^12 || ^13.7 || ^14 || >=15.0.1"
      }
    },
    "node_modules/picocolors": {
      "version": "1.0.0",
      "resolved": "https://registry.npmjs.org/picocolors/-/picocolors-1.0.0.tgz",
      "integrity": "sha512-1fygroTLlHu66zi26VoTDv8yRgm0Fccecssto+MhsZ0D/DGW2sm8E8AjW7NU5VVTRt5GxbeZ5qBuJr+HyLYkjQ==",
      "dev": true
    },
    "node_modules/postcss": {
      "version": "8.4.16",
      "resolved": "https://registry.npmjs.org/postcss/-/postcss-8.4.16.tgz",
      "integrity": "sha512-ipHE1XBvKzm5xI7hiHCZJCSugxvsdq2mPnsq5+UF+VHCjiBvtDrlxJfMBToWaP9D5XlgNmcFGqoHmUn0EYEaRQ==",
      "dev": true,
      "funding": [
        {
          "type": "opencollective",
          "url": "https://opencollective.com/postcss/"
        },
        {
          "type": "tidelift",
          "url": "https://tidelift.com/funding/github/npm/postcss"
        }
      ],
      "dependencies": {
        "nanoid": "^3.3.4",
        "picocolors": "^1.0.0",
        "source-map-js": "^1.0.2"
      },
      "engines": {
        "node": "^10 || ^12 || >=14"
      }
    },
    "node_modules/source-map": {
      "version": "0.6.1",
      "resolved": "https://registry.npmjs.org/source-map/-/source-map-0.6.1.tgz",
      "integrity": "sha512-UjgapumWlbMhkBgzT7Ykc5YXUT46F0iKu8SGXq0bcwP5dz/h0Plj6enJqjz1Zbq2l5WaqYnrVbwWOWMyF3F47g==",
      "dev": true,
      "engines": {
        "node": ">=0.10.0"
      }
    },
    "node_modules/source-map-js": {
      "version": "1.0.2",
      "resolved": "https://registry.npmjs.org/source-map-js/-/source-map-js-1.0.2.tgz",
      "integrity": "sha512-R0XvVJ9WusLiqTCEiGCmICCMplcCkIwwR11mOSD9CR5u+IXYdiseeEuXCVAjS54zqwkLcPNnmU4OeJ6tUrWhDw==",
      "dev": true,
      "engines": {
        "node": ">=0.10.0"
      }
    },
    "node_modules/three": {
      "version": "0.129.0",
      "resolved": "https://registry.npmjs.org/three/-/three-0.129.0.tgz",
      "integrity": "sha512-wiWio1yVRg2Oj6WEWsTHQo5eSzYpEwSBtPSi3OofNpvFbf26HFfb9kw4FZJNjII4qxzp0b1xLB11+tKkBGB1ZA==",
      "dev": true
    },
    "node_modules/tinycolor2": {
      "version": "1.4.2",
      "resolved": "https://registry.npmjs.org/tinycolor2/-/tinycolor2-1.4.2.tgz",
      "integrity": "sha512-vJhccZPs965sV/L2sU4oRQVAos0pQXwsvTLkWYdqJ+a8Q5kPFzJTuOFwy7UniPli44NKQGAglksjvOcpo95aZA==",
      "dev": true,
      "engines": {
        "node": "*"
      }
    },
    "node_modules/vue": {
      "version": "2.7.10",
      "resolved": "https://registry.npmjs.org/vue/-/vue-2.7.10.tgz",
      "integrity": "sha512-HmFC70qarSHPXcKtW8U8fgIkF6JGvjEmDiVInTkKZP0gIlEPhlVlcJJLkdGIDiNkIeA2zJPQTWJUI4iWe+AVfg==",
      "dev": true,
      "dependencies": {
        "@vue/compiler-sfc": "2.7.10",
        "csstype": "^3.1.0"
      }
    },
    "node_modules/wintersky": {
      "version": "1.1.0",
      "resolved": "https://registry.npmjs.org/wintersky/-/wintersky-1.1.0.tgz",
      "integrity": "sha512-wN4ZjgzZejM/Kvcoe6/7O5sSf2ERLAJvxI/1h0rqXuQdCLW98g40OVWi7v5ZthRqxJikhPcVMdN/TVZ4eCu/RQ==",
      "dev": true,
      "dependencies": {
        "molangjs": "^1.5.0",
        "three": "^0.139.2",
        "tinycolor2": "^1.4.2"
      }
    },
    "node_modules/wintersky/node_modules/three": {
      "version": "0.139.2",
      "resolved": "https://registry.npmjs.org/three/-/three-0.139.2.tgz",
      "integrity": "sha512-gV7q7QY8rogu7HLFZR9cWnOQAUedUhu2WXAnpr2kdXZP9YDKsG/0ychwQvWkZN5PlNw9mv5MoCTin6zNTXoONg==",
      "dev": true
    }
  },
  "dependencies": {
    "@babel/parser": {
      "version": "7.18.13",
      "resolved": "https://registry.npmjs.org/@babel/parser/-/parser-7.18.13.tgz",
      "integrity": "sha512-dgXcIfMuQ0kgzLB2b9tRZs7TTFFaGM2AbtA4fJgUUYukzGH4jwsS7hzQHEGs67jdehpm22vkgKwvbU+aEflgwg==",
      "dev": true
    },
    "@types/jquery": {
      "version": "3.5.14",
      "resolved": "https://registry.npmjs.org/@types/jquery/-/jquery-3.5.14.tgz",
      "integrity": "sha512-X1gtMRMbziVQkErhTQmSe2jFwwENA/Zr+PprCkF63vFq+Yt5PZ4AlKqgmeNlwgn7dhsXEK888eIW2520EpC+xg==",
      "dev": true,
      "requires": {
        "@types/sizzle": "*"
      }
    },
    "@types/sizzle": {
      "version": "2.3.3",
      "resolved": "https://registry.npmjs.org/@types/sizzle/-/sizzle-2.3.3.tgz",
      "integrity": "sha512-JYM8x9EGF163bEyhdJBpR2QX1R5naCJHC8ucJylJ3w9/CVBaskdQ8WqBf8MmQrd1kRvp/a4TS8HJ+bxzR7ZJYQ==",
      "dev": true
    },
    "@vue/compiler-sfc": {
      "version": "2.7.10",
      "resolved": "https://registry.npmjs.org/@vue/compiler-sfc/-/compiler-sfc-2.7.10.tgz",
      "integrity": "sha512-55Shns6WPxlYsz4WX7q9ZJBL77sKE1ZAYNYStLs6GbhIOMrNtjMvzcob6gu3cGlfpCR4bT7NXgyJ3tly2+Hx8Q==",
      "dev": true,
      "requires": {
        "@babel/parser": "^7.18.4",
        "postcss": "^8.4.14",
        "source-map": "^0.6.1"
      }
    },
    "blockbench-types": {
      "version": "4.3.0",
      "resolved": "https://registry.npmjs.org/blockbench-types/-/blockbench-types-4.3.0.tgz",
      "integrity": "sha512-8Woi4qrha+y0cLXNfAfEGZ3JoDKdVnyCXH9MvlwqDcA0ZF/VDcKvYaHX5w3oc7IgF6+GZVLnGjqsVgxlniyhsQ==",
      "dev": true,
      "requires": {
        "@types/jquery": "^3.5.4",
        "three": "^0.129.0",
        "vue": "^2.6.14",
        "wintersky": "^1.1.0"
      }
    },
    "csstype": {
      "version": "3.1.0",
      "resolved": "https://registry.npmjs.org/csstype/-/csstype-3.1.0.tgz",
      "integrity": "sha512-uX1KG+x9h5hIJsaKR9xHUeUraxf8IODOwq9JLNPq6BwB04a/xgpq3rcx47l5BZu5zBPlgD342tdke3Hom/nJRA==",
      "dev": true
    },
    "molangjs": {
      "version": "1.5.2",
      "resolved": "https://registry.npmjs.org/molangjs/-/molangjs-1.5.2.tgz",
      "integrity": "sha512-phjt/beVRWPWLaxmic8E2StPffC66BS/PKjPfSLzSZr7QYyn4C0eMRPgYZm2AC/S+0zS3HG8jQNoua7k196/Ow==",
      "dev": true
    },
    "nanoid": {
      "version": "3.3.4",
      "resolved": "https://registry.npmjs.org/nanoid/-/nanoid-3.3.4.tgz",
      "integrity": "sha512-MqBkQh/OHTS2egovRtLk45wEyNXwF+cokD+1YPf9u5VfJiRdAiRwB2froX5Co9Rh20xs4siNPm8naNotSD6RBw==",
      "dev": true
    },
    "picocolors": {
      "version": "1.0.0",
      "resolved": "https://registry.npmjs.org/picocolors/-/picocolors-1.0.0.tgz",
      "integrity": "sha512-1fygroTLlHu66zi26VoTDv8yRgm0Fccecssto+MhsZ0D/DGW2sm8E8AjW7NU5VVTRt5GxbeZ5qBuJr+HyLYkjQ==",
      "dev": true
    },
    "postcss": {
      "version": "8.4.16",
      "resolved": "https://registry.npmjs.org/postcss/-/postcss-8.4.16.tgz",
      "integrity": "sha512-ipHE1XBvKzm5xI7hiHCZJCSugxvsdq2mPnsq5+UF+VHCjiBvtDrlxJfMBToWaP9D5XlgNmcFGqoHmUn0EYEaRQ==",
      "dev": true,
      "requires": {
        "nanoid": "^3.3.4",
        "picocolors": "^1.0.0",
        "source-map-js": "^1.0.2"
      }
    },
    "source-map": {
      "version": "0.6.1",
      "resolved": "https://registry.npmjs.org/source-map/-/source-map-0.6.1.tgz",
      "integrity": "sha512-UjgapumWlbMhkBgzT7Ykc5YXUT46F0iKu8SGXq0bcwP5dz/h0Plj6enJqjz1Zbq2l5WaqYnrVbwWOWMyF3F47g==",
      "dev": true
    },
    "source-map-js": {
      "version": "1.0.2",
      "resolved": "https://registry.npmjs.org/source-map-js/-/source-map-js-1.0.2.tgz",
      "integrity": "sha512-R0XvVJ9WusLiqTCEiGCmICCMplcCkIwwR11mOSD9CR5u+IXYdiseeEuXCVAjS54zqwkLcPNnmU4OeJ6tUrWhDw==",
      "dev": true
    },
    "three": {
      "version": "0.129.0",
      "resolved": "https://registry.npmjs.org/three/-/three-0.129.0.tgz",
      "integrity": "sha512-wiWio1yVRg2Oj6WEWsTHQo5eSzYpEwSBtPSi3OofNpvFbf26HFfb9kw4FZJNjII4qxzp0b1xLB11+tKkBGB1ZA==",
      "dev": true
    },
    "tinycolor2": {
      "version": "1.4.2",
      "resolved": "https://registry.npmjs.org/tinycolor2/-/tinycolor2-1.4.2.tgz",
      "integrity": "sha512-vJhccZPs965sV/L2sU4oRQVAos0pQXwsvTLkWYdqJ+a8Q5kPFzJTuOFwy7UniPli44NKQGAglksjvOcpo95aZA==",
      "dev": true
    },
    "vue": {
      "version": "2.7.10",
      "resolved": "https://registry.npmjs.org/vue/-/vue-2.7.10.tgz",
      "integrity": "sha512-HmFC70qarSHPXcKtW8U8fgIkF6JGvjEmDiVInTkKZP0gIlEPhlVlcJJLkdGIDiNkIeA2zJPQTWJUI4iWe+AVfg==",
      "dev": true,
      "requires": {
        "@vue/compiler-sfc": "2.7.10",
        "csstype": "^3.1.0"
      }
    },
    "wintersky": {
      "version": "1.1.0",
      "resolved": "https://registry.npmjs.org/wintersky/-/wintersky-1.1.0.tgz",
      "integrity": "sha512-wN4ZjgzZejM/Kvcoe6/7O5sSf2ERLAJvxI/1h0rqXuQdCLW98g40OVWi7v5ZthRqxJikhPcVMdN/TVZ4eCu/RQ==",
      "dev": true,
      "requires": {
        "molangjs": "^1.5.0",
        "three": "^0.139.2",
        "tinycolor2": "^1.4.2"
      },
      "dependencies": {
        "three": {
          "version": "0.139.2",
          "resolved": "https://registry.npmjs.org/three/-/three-0.139.2.tgz",
          "integrity": "sha512-gV7q7QY8rogu7HLFZR9cWnOQAUedUhu2WXAnpr2kdXZP9YDKsG/0ychwQvWkZN5PlNw9mv5MoCTin6zNTXoONg==",
          "dev": true
        }
      }
    }
  }
}
